
Microsoft Visual Studio Solution File, Format Version 12.00
# Visual Studio Version 16
VisualStudioVersion = 16.0.30503.244
MinimumVisualStudioVersion = 10.0.40219.1
Project("{FAE04EC0-301F-11D3-BF4B-00C04F79EFBC}") = "Integration_Testing", "Testing_Selenium\Integration_Testing.csproj", "{4FCDAEC0-94AB-4475-B819-C7EAD837C40A}"
EndProject
Global
	GlobalSection(SolutionConfigurationPlatforms) = preSolution
		Debug|Any CPU = Debug|Any CPU
		Release|Any CPU = Release|Any CPU
	EndGlobalSection
	GlobalSection(ProjectConfigurationPlatforms) = postSolution
		{4FCDAEC0-94AB-4475-B819-C7EAD837C40A}.Debug|Any CPU.ActiveCfg = Debug|Any CPU
		{4FCDAEC0-94AB-4475-B819-C7EAD837C40A}.Debug|Any CPU.Build.0 = Debug|Any CPU
		{4FCDAEC0-94AB-4475-B819-C7EAD837C40A}.Release|Any CPU.ActiveCfg = Release|Any CPU
		{4FCDAEC0-94AB-4475-B819-C7EAD837C40A}.Release|Any CPU.Build.0 = Release|Any CPU
	EndGlobalSection
	GlobalSection(SolutionProperties) = preSolution
		HideSolutionNode = FALSE
	EndGlobalSection
	GlobalSection(ExtensibilityGlobals) = postSolution
		SolutionGuid = {1DA30BFD-954C-4B88-A32E-FA1DB5E932E9}
	EndGlobalSection
EndGlobal
